// !$*UTF8*$!
{
	archiveVersion = 1;
	classes = {
	};
	objectVersion = 55;
	objects = {

/* Begin PBXBuildFile section */
		635AFB9328A7C36A00336BAE /* ErrorResponse.swift in Sources */ = {isa = PBXBuildFile; fileRef = 635AFB9228A7C36A00336BAE /* ErrorResponse.swift */; };
		635AFB9528A8ACB800336BAE /* UIIMageView.swift in Sources */ = {isa = PBXBuildFile; fileRef = 635AFB9428A8ACB800336BAE /* UIIMageView.swift */; };
		635AFB9A28A8FD4200336BAE /* MapViewController.swift in Sources */ = {isa = PBXBuildFile; fileRef = 635AFB9828A8FD4200336BAE /* MapViewController.swift */; };
		635AFB9B28A8FD4200336BAE /* MapViewController.xib in Resources */ = {isa = PBXBuildFile; fileRef = 635AFB9928A8FD4200336BAE /* MapViewController.xib */; };
		635AFBA128A913F100336BAE /* MapViewModel.swift in Sources */ = {isa = PBXBuildFile; fileRef = 635AFBA028A913F000336BAE /* MapViewModel.swift */; };
		635AFBA728A9410900336BAE /* MKMapView.swift in Sources */ = {isa = PBXBuildFile; fileRef = 635AFBA628A9410900336BAE /* MKMapView.swift */; };
		635AFBA928A944D400336BAE /* Annotation.swift in Sources */ = {isa = PBXBuildFile; fileRef = 635AFBA828A944D400336BAE /* Annotation.swift */; };
		635AFBAB28A945C600336BAE /* AnnotationView.swift in Sources */ = {isa = PBXBuildFile; fileRef = 635AFBAA28A945C600336BAE /* AnnotationView.swift */; };
		635AFBAE28A945FF00336BAE /* Callout.swift in Sources */ = {isa = PBXBuildFile; fileRef = 635AFBAD28A945FF00336BAE /* Callout.swift */; };
		638CD14628A5514E004AA274 /* AppDelegate.swift in Sources */ = {isa = PBXBuildFile; fileRef = 638CD14528A5514E004AA274 /* AppDelegate.swift */; };
		638CD14828A5514E004AA274 /* SceneDelegate.swift in Sources */ = {isa = PBXBuildFile; fileRef = 638CD14728A5514E004AA274 /* SceneDelegate.swift */; };
		638CD14F28A55150004AA274 /* Assets.xcassets in Resources */ = {isa = PBXBuildFile; fileRef = 638CD14E28A55150004AA274 /* Assets.xcassets */; };
		638CD15228A55150004AA274 /* LaunchScreen.storyboard in Resources */ = {isa = PBXBuildFile; fileRef = 638CD15028A55150004AA274 /* LaunchScreen.storyboard */; };
		638CD15E28A551FE004AA274 /* Network.swift in Sources */ = {isa = PBXBuildFile; fileRef = 638CD15D28A551FE004AA274 /* Network.swift */; };
		638CD16028A554BA004AA274 /* ApiService.swift in Sources */ = {isa = PBXBuildFile; fileRef = 638CD15F28A554BA004AA274 /* ApiService.swift */; };
		638CD16228A55523004AA274 /* Response.swift in Sources */ = {isa = PBXBuildFile; fileRef = 638CD16128A55523004AA274 /* Response.swift */; };
		638CD16628A56CBA004AA274 /* WeatherViewModel.swift in Sources */ = {isa = PBXBuildFile; fileRef = 638CD16528A56CBA004AA274 /* WeatherViewModel.swift */; };
		63D754D228A7670200075994 /* String.swift in Sources */ = {isa = PBXBuildFile; fileRef = 63D754D128A7670200075994 /* String.swift */; };
		63D754D428A7679200075994 /* Double.swift in Sources */ = {isa = PBXBuildFile; fileRef = 63D754D328A7679200075994 /* Double.swift */; };
		63D754D928A772BD00075994 /* UserDefaults.swift in Sources */ = {isa = PBXBuildFile; fileRef = 63D754D828A772BD00075994 /* UserDefaults.swift */; };
		63D754DC28A7A12300075994 /* WeatherViewController.swift in Sources */ = {isa = PBXBuildFile; fileRef = 63D754DA28A7A12300075994 /* WeatherViewController.swift */; };
		63D754DD28A7A12300075994 /* WeatherViewController.xib in Resources */ = {isa = PBXBuildFile; fileRef = 63D754DB28A7A12300075994 /* WeatherViewController.xib */; };
		63D754DF28A7A47200075994 /* UIViewController.swift in Sources */ = {isa = PBXBuildFile; fileRef = 63D754DE28A7A47200075994 /* UIViewController.swift */; };
/* End PBXBuildFile section */

/* Begin PBXFileReference section */
		635AFB9228A7C36A00336BAE /* ErrorResponse.swift */ = {isa = PBXFileReference; lastKnownFileType = sourcecode.swift; path = ErrorResponse.swift; sourceTree = "<group>"; };
		635AFB9428A8ACB800336BAE /* UIIMageView.swift */ = {isa = PBXFileReference; lastKnownFileType = sourcecode.swift; path = UIIMageView.swift; sourceTree = "<group>"; };
		635AFB9828A8FD4200336BAE /* MapViewController.swift */ = {isa = PBXFileReference; lastKnownFileType = sourcecode.swift; path = MapViewController.swift; sourceTree = "<group>"; };
		635AFB9928A8FD4200336BAE /* MapViewController.xib */ = {isa = PBXFileReference; lastKnownFileType = file.xib; path = MapViewController.xib; sourceTree = "<group>"; };
		635AFBA028A913F000336BAE /* MapViewModel.swift */ = {isa = PBXFileReference; lastKnownFileType = sourcecode.swift; path = MapViewModel.swift; sourceTree = "<group>"; };
		635AFBA628A9410900336BAE /* MKMapView.swift */ = {isa = PBXFileReference; lastKnownFileType = sourcecode.swift; path = MKMapView.swift; sourceTree = "<group>"; };
		635AFBA828A944D400336BAE /* Annotation.swift */ = {isa = PBXFileReference; lastKnownFileType = sourcecode.swift; path = Annotation.swift; sourceTree = "<group>"; };
		635AFBAA28A945C600336BAE /* AnnotationView.swift */ = {isa = PBXFileReference; lastKnownFileType = sourcecode.swift; path = AnnotationView.swift; sourceTree = "<group>"; };
		635AFBAD28A945FF00336BAE /* Callout.swift */ = {isa = PBXFileReference; lastKnownFileType = sourcecode.swift; path = Callout.swift; sourceTree = "<group>"; };
		638CD14228A5514E004AA274 /* Current Weather.app */ = {isa = PBXFileReference; explicitFileType = wrapper.application; includeInIndex = 0; path = "Current Weather.app"; sourceTree = BUILT_PRODUCTS_DIR; };
		638CD14528A5514E004AA274 /* AppDelegate.swift */ = {isa = PBXFileReference; lastKnownFileType = sourcecode.swift; path = AppDelegate.swift; sourceTree = "<group>"; };
		638CD14728A5514E004AA274 /* SceneDelegate.swift */ = {isa = PBXFileReference; lastKnownFileType = sourcecode.swift; path = SceneDelegate.swift; sourceTree = "<group>"; };
		638CD14E28A55150004AA274 /* Assets.xcassets */ = {isa = PBXFileReference; lastKnownFileType = folder.assetcatalog; path = Assets.xcassets; sourceTree = "<group>"; };
		638CD15128A55150004AA274 /* Base */ = {isa = PBXFileReference; lastKnownFileType = file.storyboard; name = Base; path = Base.lproj/LaunchScreen.storyboard; sourceTree = "<group>"; };
		638CD15328A55150004AA274 /* Info.plist */ = {isa = PBXFileReference; lastKnownFileType = text.plist.xml; path = Info.plist; sourceTree = "<group>"; };
		638CD15D28A551FE004AA274 /* Network.swift */ = {isa = PBXFileReference; lastKnownFileType = sourcecode.swift; path = Network.swift; sourceTree = "<group>"; };
		638CD15F28A554BA004AA274 /* ApiService.swift */ = {isa = PBXFileReference; lastKnownFileType = sourcecode.swift; path = ApiService.swift; sourceTree = "<group>"; };
		638CD16128A55523004AA274 /* Response.swift */ = {isa = PBXFileReference; lastKnownFileType = sourcecode.swift; path = Response.swift; sourceTree = "<group>"; };
		638CD16528A56CBA004AA274 /* WeatherViewModel.swift */ = {isa = PBXFileReference; lastKnownFileType = sourcecode.swift; path = WeatherViewModel.swift; sourceTree = "<group>"; };
		63D754D128A7670200075994 /* String.swift */ = {isa = PBXFileReference; lastKnownFileType = sourcecode.swift; path = String.swift; sourceTree = "<group>"; };
		63D754D328A7679200075994 /* Double.swift */ = {isa = PBXFileReference; lastKnownFileType = sourcecode.swift; path = Double.swift; sourceTree = "<group>"; };
		63D754D828A772BD00075994 /* UserDefaults.swift */ = {isa = PBXFileReference; lastKnownFileType = sourcecode.swift; path = UserDefaults.swift; sourceTree = "<group>"; };
		63D754DA28A7A12300075994 /* WeatherViewController.swift */ = {isa = PBXFileReference; lastKnownFileType = sourcecode.swift; path = WeatherViewController.swift; sourceTree = "<group>"; };
		63D754DB28A7A12300075994 /* WeatherViewController.xib */ = {isa = PBXFileReference; lastKnownFileType = file.xib; path = WeatherViewController.xib; sourceTree = "<group>"; };
		63D754DE28A7A47200075994 /* UIViewController.swift */ = {isa = PBXFileReference; lastKnownFileType = sourcecode.swift; path = UIViewController.swift; sourceTree = "<group>"; };
/* End PBXFileReference section */

/* Begin PBXFrameworksBuildPhase section */
		638CD13F28A5514E004AA274 /* Frameworks */ = {
			isa = PBXFrameworksBuildPhase;
			buildActionMask = 2147483647;
			files = (
			);
			runOnlyForDeploymentPostprocessing = 0;
		};
/* End PBXFrameworksBuildPhase section */

/* Begin PBXGroup section */
		635AFB9628A8FCF100336BAE /* Home */ = {
			isa = PBXGroup;
			children = (
				638CD16528A56CBA004AA274 /* WeatherViewModel.swift */,
				63D754DA28A7A12300075994 /* WeatherViewController.swift */,
				63D754DB28A7A12300075994 /* WeatherViewController.xib */,
			);
			path = Home;
			sourceTree = "<group>";
		};
		635AFB9728A8FCFA00336BAE /* Map */ = {
			isa = PBXGroup;
			children = (
				635AFB9828A8FD4200336BAE /* MapViewController.swift */,
				635AFB9928A8FD4200336BAE /* MapViewController.xib */,
				635AFBA028A913F000336BAE /* MapViewModel.swift */,
				635AFBA828A944D400336BAE /* Annotation.swift */,
				635AFBAA28A945C600336BAE /* AnnotationView.swift */,
				635AFBAD28A945FF00336BAE /* Callout.swift */,
			);
			path = Map;
			sourceTree = "<group>";
		};
		638CD13928A5514D004AA274 = {
			isa = PBXGroup;
			children = (
				638CD14428A5514E004AA274 /* Current Weather */,
				638CD14328A5514E004AA274 /* Products */,
			);
			sourceTree = "<group>";
		};
		638CD14328A5514E004AA274 /* Products */ = {
			isa = PBXGroup;
			children = (
				638CD14228A5514E004AA274 /* Current Weather.app */,
			);
			name = Products;
			sourceTree = "<group>";
		};
		638CD14428A5514E004AA274 /* Current Weather */ = {
			isa = PBXGroup;
			children = (
				63D754D028A766ED00075994 /* Extensions */,
				638CD15C28A551DC004AA274 /* Network */,
				63D754D528A76C3300075994 /* Scene */,
				638CD15B28A551CA004AA274 /* Model */,
				638CD14528A5514E004AA274 /* AppDelegate.swift */,
				638CD14728A5514E004AA274 /* SceneDelegate.swift */,
				638CD14E28A55150004AA274 /* Assets.xcassets */,
				638CD15028A55150004AA274 /* LaunchScreen.storyboard */,
				638CD15328A55150004AA274 /* Info.plist */,
			);
			path = "Current Weather";
			sourceTree = "<group>";
		};
		638CD15B28A551CA004AA274 /* Model */ = {
			isa = PBXGroup;
			children = (
				638CD16128A55523004AA274 /* Response.swift */,
				635AFB9228A7C36A00336BAE /* ErrorResponse.swift */,
			);
			path = Model;
			sourceTree = "<group>";
		};
		638CD15C28A551DC004AA274 /* Network */ = {
			isa = PBXGroup;
			children = (
				638CD15D28A551FE004AA274 /* Network.swift */,
				638CD15F28A554BA004AA274 /* ApiService.swift */,
			);
			path = Network;
			sourceTree = "<group>";
		};
		63D754D028A766ED00075994 /* Extensions */ = {
			isa = PBXGroup;
			children = (
				63D754D128A7670200075994 /* String.swift */,
				63D754D328A7679200075994 /* Double.swift */,
				63D754D828A772BD00075994 /* UserDefaults.swift */,
				63D754DE28A7A47200075994 /* UIViewController.swift */,
				635AFB9428A8ACB800336BAE /* UIIMageView.swift */,
				635AFBA628A9410900336BAE /* MKMapView.swift */,
			);
			path = Extensions;
			sourceTree = "<group>";
		};
		63D754D528A76C3300075994 /* Scene */ = {
			isa = PBXGroup;
			children = (
				635AFB9628A8FCF100336BAE /* Home */,
				635AFB9728A8FCFA00336BAE /* Map */,
			);
			path = Scene;
			sourceTree = "<group>";
		};
/* End PBXGroup section */

/* Begin PBXNativeTarget section */
		638CD14128A5514E004AA274 /* Current Weather */ = {
			isa = PBXNativeTarget;
			buildConfigurationList = 638CD15628A55150004AA274 /* Build configuration list for PBXNativeTarget "Current Weather" */;
			buildPhases = (
				638CD13E28A5514E004AA274 /* Sources */,
				638CD13F28A5514E004AA274 /* Frameworks */,
				638CD14028A5514E004AA274 /* Resources */,
			);
			buildRules = (
			);
			dependencies = (
			);
			name = "Current Weather";
			productName = "Current Weather";
			productReference = 638CD14228A5514E004AA274 /* Current Weather.app */;
			productType = "com.apple.product-type.application";
		};
/* End PBXNativeTarget section */

/* Begin PBXProject section */
		638CD13A28A5514D004AA274 /* Project object */ = {
			isa = PBXProject;
			attributes = {
				BuildIndependentTargetsInParallel = 1;
				LastSwiftUpdateCheck = 1320;
				LastUpgradeCheck = 1320;
				TargetAttributes = {
					638CD14128A5514E004AA274 = {
						CreatedOnToolsVersion = 13.2.1;
					};
				};
			};
			buildConfigurationList = 638CD13D28A5514D004AA274 /* Build configuration list for PBXProject "Current Weather" */;
			compatibilityVersion = "Xcode 13.0";
			developmentRegion = en;
			hasScannedForEncodings = 0;
			knownRegions = (
				en,
				Base,
			);
			mainGroup = 638CD13928A5514D004AA274;
			productRefGroup = 638CD14328A5514E004AA274 /* Products */;
			projectDirPath = "";
			projectRoot = "";
			targets = (
				638CD14128A5514E004AA274 /* Current Weather */,
			);
		};
/* End PBXProject section */

/* Begin PBXResourcesBuildPhase section */
		638CD14028A5514E004AA274 /* Resources */ = {
			isa = PBXResourcesBuildPhase;
			buildActionMask = 2147483647;
			files = (
				638CD15228A55150004AA274 /* LaunchScreen.storyboard in Resources */,
				63D754DD28A7A12300075994 /* WeatherViewController.xib in Resources */,
				638CD14F28A55150004AA274 /* Assets.xcassets in Resources */,
				635AFB9B28A8FD4200336BAE /* MapViewController.xib in Resources */,
			);
			runOnlyForDeploymentPostprocessing = 0;
		};
/* End PBXResourcesBuildPhase section */

/* Begin PBXSourcesBuildPhase section */
		638CD13E28A5514E004AA274 /* Sources */ = {
			isa = PBXSourcesBuildPhase;
			buildActionMask = 2147483647;
			files = (
				638CD16028A554BA004AA274 /* ApiService.swift in Sources */,
				638CD14628A5514E004AA274 /* AppDelegate.swift in Sources */,
				63D754D928A772BD00075994 /* UserDefaults.swift in Sources */,
				635AFB9328A7C36A00336BAE /* ErrorResponse.swift in Sources */,
				638CD16628A56CBA004AA274 /* WeatherViewModel.swift in Sources */,
				638CD15E28A551FE004AA274 /* Network.swift in Sources */,
				63D754DF28A7A47200075994 /* UIViewController.swift in Sources */,
				635AFBA728A9410900336BAE /* MKMapView.swift in Sources */,
				638CD16228A55523004AA274 /* Response.swift in Sources */,
				63D754D228A7670200075994 /* String.swift in Sources */,
				635AFB9528A8ACB800336BAE /* UIIMageView.swift in Sources */,
				63D754D428A7679200075994 /* Double.swift in Sources */,
				635AFBA128A913F100336BAE /* MapViewModel.swift in Sources */,
				638CD14828A5514E004AA274 /* SceneDelegate.swift in Sources */,
				635AFBAB28A945C600336BAE /* AnnotationView.swift in Sources */,
				635AFBAE28A945FF00336BAE /* Callout.swift in Sources */,
				63D754DC28A7A12300075994 /* WeatherViewController.swift in Sources */,
				635AFBA928A944D400336BAE /* Annotation.swift in Sources */,
				635AFB9A28A8FD4200336BAE /* MapViewController.swift in Sources */,
			);
			runOnlyForDeploymentPostprocessing = 0;
		};
/* End PBXSourcesBuildPhase section */

/* Begin PBXVariantGroup section */
		638CD15028A55150004AA274 /* LaunchScreen.storyboard */ = {
			isa = PBXVariantGroup;
			children = (
				638CD15128A55150004AA274 /* Base */,
			);
			name = LaunchScreen.storyboard;
			sourceTree = "<group>";
		};
/* End PBXVariantGroup section */

/* Begin XCBuildConfiguration section */
		638CD15428A55150004AA274 /* Debug */ = {
			isa = XCBuildConfiguration;
			buildSettings = {
				ALWAYS_SEARCH_USER_PATHS = NO;
				CLANG_ANALYZER_NONNULL = YES;
				CLANG_ANALYZER_NUMBER_OBJECT_CONVERSION = YES_AGGRESSIVE;
				CLANG_CXX_LANGUAGE_STANDARD = "gnu++17";
				CLANG_CXX_LIBRARY = "libc++";
				CLANG_ENABLE_MODULES = YES;
				CLANG_ENABLE_OBJC_ARC = YES;
				CLANG_ENABLE_OBJC_WEAK = YES;
				CLANG_WARN_BLOCK_CAPTURE_AUTORELEASING = YES;
				CLANG_WARN_BOOL_CONVERSION = YES;
				CLANG_WARN_COMMA = YES;
				CLANG_WARN_CONSTANT_CONVERSION = YES;
				CLANG_WARN_DEPRECATED_OBJC_IMPLEMENTATIONS = YES;
				CLANG_WARN_DIRECT_OBJC_ISA_USAGE = YES_ERROR;
				CLANG_WARN_DOCUMENTATION_COMMENTS = YES;
				CLANG_WARN_EMPTY_BODY = YES;
				CLANG_WARN_ENUM_CONVERSION = YES;
				CLANG_WARN_INFINITE_RECURSION = YES;
				CLANG_WARN_INT_CONVERSION = YES;
				CLANG_WARN_NON_LITERAL_NULL_CONVERSION = YES;
				CLANG_WARN_OBJC_IMPLICIT_RETAIN_SELF = YES;
				CLANG_WARN_OBJC_LITERAL_CONVERSION = YES;
				CLANG_WARN_OBJC_ROOT_CLASS = YES_ERROR;
				CLANG_WARN_QUOTED_INCLUDE_IN_FRAMEWORK_HEADER = YES;
				CLANG_WARN_RANGE_LOOP_ANALYSIS = YES;
				CLANG_WARN_STRICT_PROTOTYPES = YES;
				CLANG_WARN_SUSPICIOUS_MOVE = YES;
				CLANG_WARN_UNGUARDED_AVAILABILITY = YES_AGGRESSIVE;
				CLANG_WARN_UNREACHABLE_CODE = YES;
				CLANG_WARN__DUPLICATE_METHOD_MATCH = YES;
				COPY_PHASE_STRIP = NO;
				DEBUG_INFORMATION_FORMAT = dwarf;
				ENABLE_STRICT_OBJC_MSGSEND = YES;
				ENABLE_TESTABILITY = YES;
				GCC_C_LANGUAGE_STANDARD = gnu11;
				GCC_DYNAMIC_NO_PIC = NO;
				GCC_NO_COMMON_BLOCKS = YES;
				GCC_OPTIMIZATION_LEVEL = 0;
				GCC_PREPROCESSOR_DEFINITIONS = (
					"DEBUG=1",
					"$(inherited)",
				);
				GCC_WARN_64_TO_32_BIT_CONVERSION = YES;
				GCC_WARN_ABOUT_RETURN_TYPE = YES_ERROR;
				GCC_WARN_UNDECLARED_SELECTOR = YES;
				GCC_WARN_UNINITIALIZED_AUTOS = YES_AGGRESSIVE;
				GCC_WARN_UNUSED_FUNCTION = YES;
				GCC_WARN_UNUSED_VARIABLE = YES;
				IPHONEOS_DEPLOYMENT_TARGET = 15.2;
				MTL_ENABLE_DEBUG_INFO = INCLUDE_SOURCE;
				MTL_FAST_MATH = YES;
				ONLY_ACTIVE_ARCH = YES;
				SDKROOT = iphoneos;
				SWIFT_ACTIVE_COMPILATION_CONDITIONS = DEBUG;
				SWIFT_OPTIMIZATION_LEVEL = "-Onone";
			};
			name = Debug;
		};
		638CD15528A55150004AA274 /* Release */ = {
			isa = XCBuildConfiguration;
			buildSettings = {
				ALWAYS_SEARCH_USER_PATHS = NO;
				CLANG_ANALYZER_NONNULL = YES;
				CLANG_ANALYZER_NUMBER_OBJECT_CONVERSION = YES_AGGRESSIVE;
				CLANG_CXX_LANGUAGE_STANDARD = "gnu++17";
				CLANG_CXX_LIBRARY = "libc++";
				CLANG_ENABLE_MODULES = YES;
				CLANG_ENABLE_OBJC_ARC = YES;
				CLANG_ENABLE_OBJC_WEAK = YES;
				CLANG_WARN_BLOCK_CAPTURE_AUTORELEASING = YES;
				CLANG_WARN_BOOL_CONVERSION = YES;
				CLANG_WARN_COMMA = YES;
				CLANG_WARN_CONSTANT_CONVERSION = YES;
				CLANG_WARN_DEPRECATED_OBJC_IMPLEMENTATIONS = YES;
				CLANG_WARN_DIRECT_OBJC_ISA_USAGE = YES_ERROR;
				CLANG_WARN_DOCUMENTATION_COMMENTS = YES;
				CLANG_WARN_EMPTY_BODY = YES;
				CLANG_WARN_ENUM_CONVERSION = YES;
				CLANG_WARN_INFINITE_RECURSION = YES;
				CLANG_WARN_INT_CONVERSION = YES;
				CLANG_WARN_NON_LITERAL_NULL_CONVERSION = YES;
				CLANG_WARN_OBJC_IMPLICIT_RETAIN_SELF = YES;
				CLANG_WARN_OBJC_LITERAL_CONVERSION = YES;
				CLANG_WARN_OBJC_ROOT_CLASS = YES_ERROR;
				CLANG_WARN_QUOTED_INCLUDE_IN_FRAMEWORK_HEADER = YES;
				CLANG_WARN_RANGE_LOOP_ANALYSIS = YES;
				CLANG_WARN_STRICT_PROTOTYPES = YES;
				CLANG_WARN_SUSPICIOUS_MOVE = YES;
				CLANG_WARN_UNGUARDED_AVAILABILITY = YES_AGGRESSIVE;
				CLANG_WARN_UNREACHABLE_CODE = YES;
				CLANG_WARN__DUPLICATE_METHOD_MATCH = YES;
				COPY_PHASE_STRIP = NO;
				DEBUG_INFORMATION_FORMAT = "dwarf-with-dsym";
				ENABLE_NS_ASSERTIONS = NO;
				ENABLE_STRICT_OBJC_MSGSEND = YES;
				GCC_C_LANGUAGE_STANDARD = gnu11;
				GCC_NO_COMMON_BLOCKS = YES;
				GCC_WARN_64_TO_32_BIT_CONVERSION = YES;
				GCC_WARN_ABOUT_RETURN_TYPE = YES_ERROR;
				GCC_WARN_UNDECLARED_SELECTOR = YES;
				GCC_WARN_UNINITIALIZED_AUTOS = YES_AGGRESSIVE;
				GCC_WARN_UNUSED_FUNCTION = YES;
				GCC_WARN_UNUSED_VARIABLE = YES;
				IPHONEOS_DEPLOYMENT_TARGET = 15.2;
				MTL_ENABLE_DEBUG_INFO = NO;
				MTL_FAST_MATH = YES;
				SDKROOT = iphoneos;
				SWIFT_COMPILATION_MODE = wholemodule;
				SWIFT_OPTIMIZATION_LEVEL = "-O";
				VALIDATE_PRODUCT = YES;
			};
			name = Release;
		};
		638CD15728A55150004AA274 /* Debug */ = {
			isa = XCBuildConfiguration;
			buildSettings = {
				ASSETCATALOG_COMPILER_APPICON_NAME = AppIcon;
				ASSETCATALOG_COMPILER_GLOBAL_ACCENT_COLOR_NAME = AccentColor;
				CODE_SIGN_IDENTITY = "Apple Development";
				CODE_SIGN_STYLE = Automatic;
				CURRENT_PROJECT_VERSION = 1;
				DEVELOPMENT_TEAM = SL5T8FJF6Z;
				GENERATE_INFOPLIST_FILE = YES;
				INFOPLIST_FILE = "Current Weather/Info.plist";
				INFOPLIST_KEY_UIApplicationSupportsIndirectInputEvents = YES;
				INFOPLIST_KEY_UILaunchStoryboardName = LaunchScreen;
				INFOPLIST_KEY_UISupportedInterfaceOrientations = UIInterfaceOrientationPortrait;
				INFOPLIST_KEY_UISupportedInterfaceOrientations_iPad = "UIInterfaceOrientationPortrait UIInterfaceOrientationPortraitUpsideDown UIInterfaceOrientationLandscapeLeft UIInterfaceOrientationLandscapeRight";
				INFOPLIST_KEY_UISupportedInterfaceOrientations_iPhone = "UIInterfaceOrientationPortrait UIInterfaceOrientationLandscapeLeft UIInterfaceOrientationLandscapeRight";
				LD_RUNPATH_SEARCH_PATHS = (
					"$(inherited)",
					"@executable_path/Frameworks",
				);
				MARKETING_VERSION = 1.0;
				PRODUCT_BUNDLE_IDENTIFIER = "com.giri.Current-Weather";
				PRODUCT_NAME = "$(TARGET_NAME)";
				PROVISIONING_PROFILE_SPECIFIER = "";
				SWIFT_EMIT_LOC_STRINGS = YES;
				SWIFT_VERSION = 5.0;
				TARGETED_DEVICE_FAMILY = 1;
			};
			name = Debug;
		};
		638CD15828A55150004AA274 /* Release */ = {
			isa = XCBuildConfiguration;
			buildSettings = {
				ASSETCATALOG_COMPILER_APPICON_NAME = AppIcon;
				ASSETCATALOG_COMPILER_GLOBAL_ACCENT_COLOR_NAME = AccentColor;
				CODE_SIGN_IDENTITY = "Apple Development";
				CODE_SIGN_STYLE = Automatic;
				CURRENT_PROJECT_VERSION = 1;
				DEVELOPMENT_TEAM = SL5T8FJF6Z;
				GENERATE_INFOPLIST_FILE = YES;
				INFOPLIST_FILE = "Current Weather/Info.plist";
				INFOPLIST_KEY_UIApplicationSupportsIndirectInputEvents = YES;
				INFOPLIST_KEY_UILaunchStoryboardName = LaunchScreen;
				INFOPLIST_KEY_UISupportedInterfaceOrientations = UIInterfaceOrientationPortrait;
				INFOPLIST_KEY_UISupportedInterfaceOrientations_iPad = "UIInterfaceOrientationPortrait UIInterfaceOrientationPortraitUpsideDown UIInterfaceOrientationLandscapeLeft UIInterfaceOrientationLandscapeRight";
				INFOPLIST_KEY_UISupportedInterfaceOrientations_iPhone = "UIInterfaceOrientationPortrait UIInterfaceOrientationLandscapeLeft UIInterfaceOrientationLandscapeRight";
				LD_RUNPATH_SEARCH_PATHS = (
					"$(inherited)",
					"@executable_path/Frameworks",
				);
				MARKETING_VERSION = 1.0;
				PRODUCT_BUNDLE_IDENTIFIER = "com.giri.Current-Weather";
				PRODUCT_NAME = "$(TARGET_NAME)";
				PROVISIONING_PROFILE_SPECIFIER = "";
				SWIFT_EMIT_LOC_STRINGS = YES;
				SWIFT_VERSION = 5.0;
				TARGETED_DEVICE_FAMILY = 1;
			};
			name = Release;
		};
/* End XCBuildConfiguration section */

/* Begin XCConfigurationList section */
		638CD13D28A5514D004AA274 /* Build configuration list for PBXProject "Current Weather" */ = {
			isa = XCConfigurationList;
			buildConfigurations = (
				638CD15428A55150004AA274 /* Debug */,
				638CD15528A55150004AA274 /* Release */,
			);
			defaultConfigurationIsVisible = 0;
			defaultConfigurationName = Release;
		};
		638CD15628A55150004AA274 /* Build configuration list for PBXNativeTarget "Current Weather" */ = {
			isa = XCConfigurationList;
			buildConfigurations = (
				638CD15728A55150004AA274 /* Debug */,
				638CD15828A55150004AA274 /* Release */,
			);
			defaultConfigurationIsVisible = 0;
			defaultConfigurationName = Release;
		};
/* End XCConfigurationList section */
	};
	rootObject = 638CD13A28A5514D004AA274 /* Project object */;
}
